// !$*UTF8*$!
{
	archiveVersion = 1;
	classes = {
	};
	objectVersion = 46;
	objects = {

/* Begin PBXBuildFile section */
		2BA196011E56A4D700FE376A /* main.m in Sources */ = {isa = PBXBuildFile; fileRef = 2BA196001E56A4D700FE376A /* main.m */; };
		2BA196041E56A4D800FE376A /* AppDelegate.m in Sources */ = {isa = PBXBuildFile; fileRef = 2BA196031E56A4D800FE376A /* AppDelegate.m */; };
		2BA196071E56A4D800FE376A /* ViewController.m in Sources */ = {isa = PBXBuildFile; fileRef = 2BA196061E56A4D800FE376A /* ViewController.m */; };
		2BA1960A1E56A4D800FE376A /* Main.storyboard in Resources */ = {isa = PBXBuildFile; fileRef = 2BA196081E56A4D800FE376A /* Main.storyboard */; };
		2BA1960C1E56A4D800FE376A /* Assets.xcassets in Resources */ = {isa = PBXBuildFile; fileRef = 2BA1960B1E56A4D800FE376A /* Assets.xcassets */; };
		2BA1960F1E56A4D800FE376A /* LaunchScreen.storyboard in Resources */ = {isa = PBXBuildFile; fileRef = 2BA1960D1E56A4D800FE376A /* LaunchScreen.storyboard */; };
		2BA1961A1E56A4D800FE376A /* GeePSTests.m in Sources */ = {isa = PBXBuildFile; fileRef = 2BA196191E56A4D800FE376A /* GeePSTests.m */; };
		2BA196251E56A4D800FE376A /* GeePSUITests.m in Sources */ = {isa = PBXBuildFile; fileRef = 2BA196241E56A4D800FE376A /* GeePSUITests.m */; };
		2BC656F41E57029A0068908F /* CoreLocation.framework in Frameworks */ = {isa = PBXBuildFile; fileRef = 2BC656F21E56BA370068908F /* CoreLocation.framework */; };
		2BC656F91E570A350068908F /* MBProgressHUD.m in Sources */ = {isa = PBXBuildFile; fileRef = 2BC656F81E570A350068908F /* MBProgressHUD.m */; };
/* End PBXBuildFile section */

/* Begin PBXContainerItemProxy section */
		2BA196161E56A4D800FE376A /* PBXContainerItemProxy */ = {
			isa = PBXContainerItemProxy;
			containerPortal = 2BA195F41E56A4D600FE376A /* Project object */;
			proxyType = 1;
			remoteGlobalIDString = 2BA195FB1E56A4D600FE376A;
			remoteInfo = GeePS;
		};
		2BA196211E56A4D800FE376A /* PBXContainerItemProxy */ = {
			isa = PBXContainerItemProxy;
			containerPortal = 2BA195F41E56A4D600FE376A /* Project object */;
			proxyType = 1;
			remoteGlobalIDString = 2BA195FB1E56A4D600FE376A;
			remoteInfo = GeePS;
		};
/* End PBXContainerItemProxy section */

/* Begin PBXFileReference section */
		2BA195FC1E56A4D700FE376A /* GeePS.app */ = {isa = PBXFileReference; explicitFileType = wrapper.application; includeInIndex = 0; path = GeePS.app; sourceTree = BUILT_PRODUCTS_DIR; };
		2BA196001E56A4D700FE376A /* main.m */ = {isa = PBXFileReference; lastKnownFileType = sourcecode.c.objc; path = main.m; sourceTree = "<group>"; };
		2BA196021E56A4D700FE376A /* AppDelegate.h */ = {isa = PBXFileReference; lastKnownFileType = sourcecode.c.h; path = AppDelegate.h; sourceTree = "<group>"; };
		2BA196031E56A4D800FE376A /* AppDelegate.m */ = {isa = PBXFileReference; lastKnownFileType = sourcecode.c.objc; path = AppDelegate.m; sourceTree = "<group>"; };
		2BA196051E56A4D800FE376A /* ViewController.h */ = {isa = PBXFileReference; lastKnownFileType = sourcecode.c.h; path = ViewController.h; sourceTree = "<group>"; };
		2BA196061E56A4D800FE376A /* ViewController.m */ = {isa = PBXFileReference; lastKnownFileType = sourcecode.c.objc; path = ViewController.m; sourceTree = "<group>"; };
		2BA196091E56A4D800FE376A /* Base */ = {isa = PBXFileReference; lastKnownFileType = file.storyboard; name = Base; path = Base.lproj/Main.storyboard; sourceTree = "<group>"; };
		2BA1960B1E56A4D800FE376A /* Assets.xcassets */ = {isa = PBXFileReference; lastKnownFileType = folder.assetcatalog; path = Assets.xcassets; sourceTree = "<group>"; };
		2BA1960E1E56A4D800FE376A /* Base */ = {isa = PBXFileReference; lastKnownFileType = file.storyboard; name = Base; path = Base.lproj/LaunchScreen.storyboard; sourceTree = "<group>"; };
		2BA196101E56A4D800FE376A /* Info.plist */ = {isa = PBXFileReference; lastKnownFileType = text.plist.xml; path = Info.plist; sourceTree = "<group>"; };
		2BA196151E56A4D800FE376A /* GeePSTests.xctest */ = {isa = PBXFileReference; explicitFileType = wrapper.cfbundle; includeInIndex = 0; path = GeePSTests.xctest; sourceTree = BUILT_PRODUCTS_DIR; };
		2BA196191E56A4D800FE376A /* GeePSTests.m */ = {isa = PBXFileReference; lastKnownFileType = sourcecode.c.objc; path = GeePSTests.m; sourceTree = "<group>"; };
		2BA1961B1E56A4D800FE376A /* Info.plist */ = {isa = PBXFileReference; lastKnownFileType = text.plist.xml; path = Info.plist; sourceTree = "<group>"; };
		2BA196201E56A4D800FE376A /* GeePSUITests.xctest */ = {isa = PBXFileReference; explicitFileType = wrapper.cfbundle; includeInIndex = 0; path = GeePSUITests.xctest; sourceTree = BUILT_PRODUCTS_DIR; };
		2BA196241E56A4D800FE376A /* GeePSUITests.m */ = {isa = PBXFileReference; lastKnownFileType = sourcecode.c.objc; path = GeePSUITests.m; sourceTree = "<group>"; };
		2BA196261E56A4D800FE376A /* Info.plist */ = {isa = PBXFileReference; lastKnownFileType = text.plist.xml; path = Info.plist; sourceTree = "<group>"; };
		2BC656F21E56BA370068908F /* CoreLocation.framework */ = {isa = PBXFileReference; lastKnownFileType = wrapper.framework; name = CoreLocation.framework; path = System/Library/Frameworks/CoreLocation.framework; sourceTree = SDKROOT; };
		2BC656F71E570A350068908F /* MBProgressHUD.h */ = {isa = PBXFileReference; fileEncoding = 4; lastKnownFileType = sourcecode.c.h; name = MBProgressHUD.h; path = "../../../../Downloads/MBProgressHUD-master/MBProgressHUD.h"; sourceTree = "<group>"; };
		2BC656F81E570A350068908F /* MBProgressHUD.m */ = {isa = PBXFileReference; fileEncoding = 4; lastKnownFileType = sourcecode.c.objc; name = MBProgressHUD.m; path = "../../../../Downloads/MBProgressHUD-master/MBProgressHUD.m"; sourceTree = "<group>"; };
/* End PBXFileReference section */

/* Begin PBXFrameworksBuildPhase section */
		2BA195F91E56A4D600FE376A /* Frameworks */ = {
			isa = PBXFrameworksBuildPhase;
			buildActionMask = 2147483647;
			files = (
				2BC656F41E57029A0068908F /* CoreLocation.framework in Frameworks */,
			);
			runOnlyForDeploymentPostprocessing = 0;
		};
		2BA196121E56A4D800FE376A /* Frameworks */ = {
			isa = PBXFrameworksBuildPhase;
			buildActionMask = 2147483647;
			files = (
			);
			runOnlyForDeploymentPostprocessing = 0;
		};
		2BA1961D1E56A4D800FE376A /* Frameworks */ = {
			isa = PBXFrameworksBuildPhase;
			buildActionMask = 2147483647;
			files = (
			);
			runOnlyForDeploymentPostprocessing = 0;
		};
/* End PBXFrameworksBuildPhase section */

/* Begin PBXGroup section */
		2BA195F31E56A4D600FE376A = {
			isa = PBXGroup;
			children = (
				2BA195FE1E56A4D700FE376A /* GeePS */,
				2BA196181E56A4D800FE376A /* GeePSTests */,
				2BA196231E56A4D800FE376A /* GeePSUITests */,
				2BA195FD1E56A4D700FE376A /* Products */,
				2BC656F11E56BA370068908F /* Frameworks */,
			);
			sourceTree = "<group>";
		};
		2BA195FD1E56A4D700FE376A /* Products */ = {
			isa = PBXGroup;
			children = (
				2BA195FC1E56A4D700FE376A /* GeePS.app */,
				2BA196151E56A4D800FE376A /* GeePSTests.xctest */,
				2BA196201E56A4D800FE376A /* GeePSUITests.xctest */,
			);
			name = Products;
			sourceTree = "<group>";
		};
		2BA195FE1E56A4D700FE376A /* GeePS */ = {
			isa = PBXGroup;
			children = (
				2BA196021E56A4D700FE376A /* AppDelegate.h */,
				2BA196031E56A4D800FE376A /* AppDelegate.m */,
				2BA196061E56A4D800FE376A /* ViewController.m */,
				2BA196051E56A4D800FE376A /* ViewController.h */,
				2BC656F71E570A350068908F /* MBProgressHUD.h */,
				2BC656F81E570A350068908F /* MBProgressHUD.m */,
				2BA196081E56A4D800FE376A /* Main.storyboard */,
				2BA1960B1E56A4D800FE376A /* Assets.xcassets */,
				2BA1960D1E56A4D800FE376A /* LaunchScreen.storyboard */,
				2BA196101E56A4D800FE376A /* Info.plist */,
				2BA195FF1E56A4D700FE376A /* Supporting Files */,
			);
			path = GeePS;
			sourceTree = "<group>";
		};
		2BA195FF1E56A4D700FE376A /* Supporting Files */ = {
			isa = PBXGroup;
			children = (
				2BA196001E56A4D700FE376A /* main.m */,
			);
			name = "Supporting Files";
			sourceTree = "<group>";
		};
		2BA196181E56A4D800FE376A /* GeePSTests */ = {
			isa = PBXGroup;
			children = (
				2BA196191E56A4D800FE376A /* GeePSTests.m */,
				2BA1961B1E56A4D800FE376A /* Info.plist */,
			);
			path = GeePSTests;
			sourceTree = "<group>";
		};
		2BA196231E56A4D800FE376A /* GeePSUITests */ = {
			isa = PBXGroup;
			children = (
				2BA196241E56A4D800FE376A /* GeePSUITests.m */,
				2BA196261E56A4D800FE376A /* Info.plist */,
			);
			path = GeePSUITests;
			sourceTree = "<group>";
		};
		2BC656F11E56BA370068908F /* Frameworks */ = {
			isa = PBXGroup;
			children = (
				2BC656F21E56BA370068908F /* CoreLocation.framework */,
			);
			name = Frameworks;
			sourceTree = "<group>";
		};
/* End PBXGroup section */

/* Begin PBXNativeTarget section */
		2BA195FB1E56A4D600FE376A /* GeePS */ = {
			isa = PBXNativeTarget;
			buildConfigurationList = 2BA196291E56A4D800FE376A /* Build configuration list for PBXNativeTarget "GeePS" */;
			buildPhases = (
				2BA195F81E56A4D600FE376A /* Sources */,
				2BA195F91E56A4D600FE376A /* Frameworks */,
				2BA195FA1E56A4D600FE376A /* Resources */,
			);
			buildRules = (
			);
			dependencies = (
			);
			name = GeePS;
			productName = GeePS;
			productReference = 2BA195FC1E56A4D700FE376A /* GeePS.app */;
			productType = "com.apple.product-type.application";
		};
		2BA196141E56A4D800FE376A /* GeePSTests */ = {
			isa = PBXNativeTarget;
			buildConfigurationList = 2BA1962C1E56A4D800FE376A /* Build configuration list for PBXNativeTarget "GeePSTests" */;
			buildPhases = (
				2BA196111E56A4D800FE376A /* Sources */,
				2BA196121E56A4D800FE376A /* Frameworks */,
				2BA196131E56A4D800FE376A /* Resources */,
			);
			buildRules = (
			);
			dependencies = (
				2BA196171E56A4D800FE376A /* PBXTargetDependency */,
			);
			name = GeePSTests;
			productName = GeePSTests;
			productReference = 2BA196151E56A4D800FE376A /* GeePSTests.xctest */;
			productType = "com.apple.product-type.bundle.unit-test";
		};
		2BA1961F1E56A4D800FE376A /* GeePSUITests */ = {
			isa = PBXNativeTarget;
			buildConfigurationList = 2BA1962F1E56A4D800FE376A /* Build configuration list for PBXNativeTarget "GeePSUITests" */;
			buildPhases = (
				2BA1961C1E56A4D800FE376A /* Sources */,
				2BA1961D1E56A4D800FE376A /* Frameworks */,
				2BA1961E1E56A4D800FE376A /* Resources */,
			);
			buildRules = (
			);
			dependencies = (
				2BA196221E56A4D800FE376A /* PBXTargetDependency */,
			);
			name = GeePSUITests;
			productName = GeePSUITests;
			productReference = 2BA196201E56A4D800FE376A /* GeePSUITests.xctest */;
			productType = "com.apple.product-type.bundle.ui-testing";
		};
/* End PBXNativeTarget section */

/* Begin PBXProject section */
		2BA195F41E56A4D600FE376A /* Project object */ = {
			isa = PBXProject;
			attributes = {
				LastUpgradeCheck = 0820;
				ORGANIZATIONNAME = LinuxPlus;
				TargetAttributes = {
					2BA195FB1E56A4D600FE376A = {
						CreatedOnToolsVersion = 8.2.1;
						DevelopmentTeam = ZMM4MMX3FJ;
						ProvisioningStyle = Automatic;
					};
					2BA196141E56A4D800FE376A = {
						CreatedOnToolsVersion = 8.2.1;
						ProvisioningStyle = Automatic;
						TestTargetID = 2BA195FB1E56A4D600FE376A;
					};
					2BA1961F1E56A4D800FE376A = {
						CreatedOnToolsVersion = 8.2.1;
						ProvisioningStyle = Automatic;
						TestTargetID = 2BA195FB1E56A4D600FE376A;
					};
				};
			};
			buildConfigurationList = 2BA195F71E56A4D600FE376A /* Build configuration list for PBXProject "GeePS" */;
			compatibilityVersion = "Xcode 3.2";
			developmentRegion = English;
			hasScannedForEncodings = 0;
			knownRegions = (
				en,
				Base,
			);
			mainGroup = 2BA195F31E56A4D600FE376A;
			productRefGroup = 2BA195FD1E56A4D700FE376A /* Products */;
			projectDirPath = "";
			projectRoot = "";
			targets = (
				2BA195FB1E56A4D600FE376A /* GeePS */,
				2BA196141E56A4D800FE376A /* GeePSTests */,
				2BA1961F1E56A4D800FE376A /* GeePSUITests */,
			);
		};
/* End PBXProject section */

/* Begin PBXResourcesBuildPhase section */
		2BA195FA1E56A4D600FE376A /* Resources */ = {
			isa = PBXResourcesBuildPhase;
			buildActionMask = 2147483647;
			files = (
				2BA1960F1E56A4D800FE376A /* LaunchScreen.storyboard in Resources */,
				2BA1960C1E56A4D800FE376A /* Assets.xcassets in Resources */,
				2BA1960A1E56A4D800FE376A /* Main.storyboard in Resources */,
			);
			runOnlyForDeploymentPostprocessing = 0;
		};
		2BA196131E56A4D800FE376A /* Resources */ = {
			isa = PBXResourcesBuildPhase;
			buildActionMask = 2147483647;
			files = (
			);
			runOnlyForDeploymentPostprocessing = 0;
		};
		2BA1961E1E56A4D800FE376A /* Resources */ = {
			isa = PBXResourcesBuildPhase;
			buildActionMask = 2147483647;
			files = (
			);
			runOnlyForDeploymentPostprocessing = 0;
		};
/* End PBXResourcesBuildPhase section */

/* Begin PBXSourcesBuildPhase section */
		2BA195F81E56A4D600FE376A /* Sources */ = {
			isa = PBXSourcesBuildPhase;
			buildActionMask = 2147483647;
			files = (
				2BA196071E56A4D800FE376A /* ViewController.m in Sources */,
				2BA196041E56A4D800FE376A /* AppDelegate.m in Sources */,
				2BA196011E56A4D700FE376A /* main.m in Sources */,
				2BC656F91E570A350068908F /* MBProgressHUD.m in Sources */,
			);
			runOnlyForDeploymentPostprocessing = 0;
		};
		2BA196111E56A4D800FE376A /* Sources */ = {
			isa = PBXSourcesBuildPhase;
			buildActionMask = 2147483647;
			files = (
				2BA1961A1E56A4D800FE376A /* GeePSTests.m in Sources */,
			);
			runOnlyForDeploymentPostprocessing = 0;
		};
		2BA1961C1E56A4D800FE376A /* Sources */ = {
			isa = PBXSourcesBuildPhase;
			buildActionMask = 2147483647;
			files = (
				2BA196251E56A4D800FE376A /* GeePSUITests.m in Sources */,
			);
			runOnlyForDeploymentPostprocessing = 0;
		};
/* End PBXSourcesBuildPhase section */

/* Begin PBXTargetDependency section */
		2BA196171E56A4D800FE376A /* PBXTargetDependency */ = {
			isa = PBXTargetDependency;
			target = 2BA195FB1E56A4D600FE376A /* GeePS */;
			targetProxy = 2BA196161E56A4D800FE376A /* PBXContainerItemProxy */;
		};
		2BA196221E56A4D800FE376A /* PBXTargetDependency */ = {
			isa = PBXTargetDependency;
			target = 2BA195FB1E56A4D600FE376A /* GeePS */;
			targetProxy = 2BA196211E56A4D800FE376A /* PBXContainerItemProxy */;
		};
/* End PBXTargetDependency section */

/* Begin PBXVariantGroup section */
		2BA196081E56A4D800FE376A /* Main.storyboard */ = {
			isa = PBXVariantGroup;
			children = (
				2BA196091E56A4D800FE376A /* Base */,
			);
			name = Main.storyboard;
			sourceTree = "<group>";
		};
		2BA1960D1E56A4D800FE376A /* LaunchScreen.storyboard */ = {
			isa = PBXVariantGroup;
			children = (
				2BA1960E1E56A4D800FE376A /* Base */,
			);
			name = LaunchScreen.storyboard;
			sourceTree = "<group>";
		};
/* End PBXVariantGroup section */

/* Begin XCBuildConfiguration section */
		2BA196271E56A4D800FE376A /* Debug */ = {
			isa = XCBuildConfiguration;
			buildSettings = {
				ALWAYS_SEARCH_USER_PATHS = NO;
				CLANG_ANALYZER_NONNULL = YES;
				CLANG_CXX_LANGUAGE_STANDARD = "gnu++0x";
				CLANG_CXX_LIBRARY = "libc++";
				CLANG_ENABLE_MODULES = YES;
				CLANG_ENABLE_OBJC_ARC = YES;
				CLANG_WARN_BOOL_CONVERSION = YES;
				CLANG_WARN_CONSTANT_CONVERSION = YES;
				CLANG_WARN_DIRECT_OBJC_ISA_USAGE = YES_ERROR;
				CLANG_WARN_DOCUMENTATION_COMMENTS = YES;
				CLANG_WARN_EMPTY_BODY = YES;
				CLANG_WARN_ENUM_CONVERSION = YES;
				CLANG_WARN_INFINITE_RECURSION = YES;
				CLANG_WARN_INT_CONVERSION = YES;
				CLANG_WARN_OBJC_ROOT_CLASS = YES_ERROR;
				CLANG_WARN_SUSPICIOUS_MOVE = YES;
				CLANG_WARN_UNREACHABLE_CODE = YES;
				CLANG_WARN__DUPLICATE_METHOD_MATCH = YES;
				"CODE_SIGN_IDENTITY[sdk=iphoneos*]" = "iPhone Developer";
				COPY_PHASE_STRIP = NO;
				DEBUG_INFORMATION_FORMAT = dwarf;
				ENABLE_STRICT_OBJC_MSGSEND = YES;
				ENABLE_TESTABILITY = YES;
				GCC_C_LANGUAGE_STANDARD = gnu99;
				GCC_DYNAMIC_NO_PIC = NO;
				GCC_NO_COMMON_BLOCKS = YES;
				GCC_OPTIMIZATION_LEVEL = 0;
				GCC_PREPROCESSOR_DEFINITIONS = (
					"DEBUG=1",
					"$(inherited)",
				);
				GCC_WARN_64_TO_32_BIT_CONVERSION = YES;
				GCC_WARN_ABOUT_RETURN_TYPE = YES_ERROR;
				GCC_WARN_UNDECLARED_SELECTOR = YES;
				GCC_WARN_UNINITIALIZED_AUTOS = YES_AGGRESSIVE;
				GCC_WARN_UNUSED_FUNCTION = YES;
				GCC_WARN_UNUSED_VARIABLE = YES;
				IPHONEOS_DEPLOYMENT_TARGET = 8.0;
				MTL_ENABLE_DEBUG_INFO = YES;
				ONLY_ACTIVE_ARCH = YES;
				SDKROOT = iphoneos;
			};
			name = Debug;
		};
		2BA196281E56A4D800FE376A /* Release */ = {
			isa = XCBuildConfiguration;
			buildSettings = {
				ALWAYS_SEARCH_USER_PATHS = NO;
				CLANG_ANALYZER_NONNULL = YES;
				CLANG_CXX_LANGUAGE_STANDARD = "gnu++0x";
				CLANG_CXX_LIBRARY = "libc++";
				CLANG_ENABLE_MODULES = YES;
				CLANG_ENABLE_OBJC_ARC = YES;
				CLANG_WARN_BOOL_CONVERSION = YES;
				CLANG_WARN_CONSTANT_CONVERSION = YES;
				CLANG_WARN_DIRECT_OBJC_ISA_USAGE = YES_ERROR;
				CLANG_WARN_DOCUMENTATION_COMMENTS = YES;
				CLANG_WARN_EMPTY_BODY = YES;
				CLANG_WARN_ENUM_CONVERSION = YES;
				CLANG_WARN_INFINITE_RECURSION = YES;
				CLANG_WARN_INT_CONVERSION = YES;
				CLANG_WARN_OBJC_ROOT_CLASS = YES_ERROR;
				CLANG_WARN_SUSPICIOUS_MOVE = YES;
				CLANG_WARN_UNREACHABLE_CODE = YES;
				CLANG_WARN__DUPLICATE_METHOD_MATCH = YES;
				"CODE_SIGN_IDENTITY[sdk=iphoneos*]" = "iPhone Developer";
				COPY_PHASE_STRIP = NO;
				DEBUG_INFORMATION_FORMAT = "dwarf-with-dsym";
				ENABLE_NS_ASSERTIONS = NO;
				ENABLE_STRICT_OBJC_MSGSEND = YES;
				GCC_C_LANGUAGE_STANDARD = gnu99;
				GCC_NO_COMMON_BLOCKS = YES;
				GCC_WARN_64_TO_32_BIT_CONVERSION = YES;
				GCC_WARN_ABOUT_RETURN_TYPE = YES_ERROR;
				GCC_WARN_UNDECLARED_SELECTOR = YES;
				GCC_WARN_UNINITIALIZED_AUTOS = YES_AGGRESSIVE;
				GCC_WARN_UNUSED_FUNCTION = YES;
				GCC_WARN_UNUSED_VARIABLE = YES;
				IPHONEOS_DEPLOYMENT_TARGET = 8.0;
				MTL_ENABLE_DEBUG_INFO = NO;
				SDKROOT = iphoneos;
				VALIDATE_PRODUCT = YES;
			};
			name = Release;
		};
		2BA1962A1E56A4D800FE376A /* Debug */ = {
			isa = XCBuildConfiguration;
			buildSettings = {
				ASSETCATALOG_COMPILER_APPICON_NAME = AppIcon;
				"CODE_SIGN_IDENTITY[sdk=iphoneos*]" = "iPhone Developer";
				DEVELOPMENT_TEAM = ZMM4MMX3FJ;
				INFOPLIST_FILE = GeePS/Info.plist;
				IPHONEOS_DEPLOYMENT_TARGET = 8.0;
				LD_RUNPATH_SEARCH_PATHS = "$(inherited) @executable_path/Frameworks";
				PRODUCT_BUNDLE_IDENTIFIER = vn.vnpttech.GeePS;
				PRODUCT_NAME = "$(TARGET_NAME)";
			};
			name = Debug;
		};
		2BA1962B1E56A4D800FE376A /* Release */ = {
			isa = XCBuildConfiguration;
			buildSettings = {
				ASSETCATALOG_COMPILER_APPICON_NAME = AppIcon;
				"CODE_SIGN_IDENTITY[sdk=iphoneos*]" = "iPhone Developer";
				DEVELOPMENT_TEAM = ZMM4MMX3FJ;
				INFOPLIST_FILE = GeePS/Info.plist;
				IPHONEOS_DEPLOYMENT_TARGET = 8.0;
				LD_RUNPATH_SEARCH_PATHS = "$(inherited) @executable_path/Frameworks";
				PRODUCT_BUNDLE_IDENTIFIER = vn.vnpttech.GeePS;
				PRODUCT_NAME = "$(TARGET_NAME)";
			};
			name = Release;
		};
		2BA1962D1E56A4D800FE376A /* Debug */ = {
			isa = XCBuildConfiguration;
			buildSettings = {
				BUNDLE_LOADER = "$(TEST_HOST)";
				INFOPLIST_FILE = GeePSTests/Info.plist;
				LD_RUNPATH_SEARCH_PATHS = "$(inherited) @executable_path/Frameworks @loader_path/Frameworks";
				PRODUCT_BUNDLE_IDENTIFIER = vnpttech.GeePSTests;
				PRODUCT_NAME = "$(TARGET_NAME)";
				TEST_HOST = "$(BUILT_PRODUCTS_DIR)/GeePS.app/GeePS";
			};
			name = Debug;
		};
		2BA1962E1E56A4D800FE376A /* Release */ = {
			isa = XCBuildConfiguration;
			buildSettings = {
				BUNDLE_LOADER = "$(TEST_HOST)";
				INFOPLIST_FILE = GeePSTests/Info.plist;
				LD_RUNPATH_SEARCH_PATHS = "$(inherited) @executable_path/Frameworks @loader_path/Frameworks";
				PRODUCT_BUNDLE_IDENTIFIER = vnpttech.GeePSTests;
				PRODUCT_NAME = "$(TARGET_NAME)";
				TEST_HOST = "$(BUILT_PRODUCTS_DIR)/GeePS.app/GeePS";
			};
			name = Release;
		};
		2BA196301E56A4D800FE376A /* Debug */ = {
			isa = XCBuildConfiguration;
			buildSettings = {
				INFOPLIST_FILE = GeePSUITests/Info.plist;
				LD_RUNPATH_SEARCH_PATHS = "$(inherited) @executable_path/Frameworks @loader_path/Frameworks";
				PRODUCT_BUNDLE_IDENTIFIER = vnpttech.GeePSUITests;
				PRODUCT_NAME = "$(TARGET_NAME)";
				TEST_TARGET_NAME = GeePS;
			};
			name = Debug;
		};
		2BA196311E56A4D800FE376A /* Release */ = {
			isa = XCBuildConfiguration;
			buildSettings = {
				INFOPLIST_FILE = GeePSUITests/Info.plist;
				LD_RUNPATH_SEARCH_PATHS = "$(inherited) @executable_path/Frameworks @loader_path/Frameworks";
				PRODUCT_BUNDLE_IDENTIFIER = vnpttech.GeePSUITests;
				PRODUCT_NAME = "$(TARGET_NAME)";
				TEST_TARGET_NAME = GeePS;
			};
			name = Release;
		};
/* End XCBuildConfiguration section */

/* Begin XCConfigurationList section */
		2BA195F71E56A4D600FE376A /* Build configuration list for PBXProject "GeePS" */ = {
			isa = XCConfigurationList;
			buildConfigurations = (
				2BA196271E56A4D800FE376A /* Debug */,
				2BA196281E56A4D800FE376A /* Release */,
			);
			defaultConfigurationIsVisible = 0;
			defaultConfigurationName = Release;
		};
		2BA196291E56A4D800FE376A /* Build configuration list for PBXNativeTarget "GeePS" */ = {
			isa = XCConfigurationList;
			buildConfigurations = (
				2BA1962A1E56A4D800FE376A /* Debug */,
				2BA1962B1E56A4D800FE376A /* Release */,
			);
			defaultConfigurationIsVisible = 0;
			defaultConfigurationName = Release;
		};
		2BA1962C1E56A4D800FE376A /* Build configuration list for PBXNativeTarget "GeePSTests" */ = {
			isa = XCConfigurationList;
			buildConfigurations = (
				2BA1962D1E56A4D800FE376A /* Debug */,
				2BA1962E1E56A4D800FE376A /* Release */,
			);
			defaultConfigurationIsVisible = 0;
			defaultConfigurationName = Release;
		};
		2BA1962F1E56A4D800FE376A /* Build configuration list for PBXNativeTarget "GeePSUITests" */ = {
			isa = XCConfigurationList;
			buildConfigurations = (
				2BA196301E56A4D800FE376A /* Debug */,
				2BA196311E56A4D800FE376A /* Release */,
			);
			defaultConfigurationIsVisible = 0;
			defaultConfigurationName = Release;
		};
/* End XCConfigurationList section */
	};
	rootObject = 2BA195F41E56A4D600FE376A /* Project object */;
}
